<?xml version="1.0" encoding="utf-8"?>
<Project ToolsVersion="4.0" xmlns="http://schemas.microsoft.com/developer/msbuild/2003">
  <ItemGroup>
    <Filter Include="源文件">
      <UniqueIdentifier>{4FC737F1-C7A5-4376-A066-2A32D752A2FF}</UniqueIdentifier>
      <Extensions>cpp;c;cc;cxx;c++;cppm;ixx;def;odl;idl;hpj;bat;asm;asmx</Extensions>
    </Filter>
    <Filter Include="头文件">
      <UniqueIdentifier>{93995380-89BD-4b04-88EB-625FBE52EBFB}</UniqueIdentifier>
      <Extensions>h;hh;hpp;hxx;h++;hm;inl;inc;ipp;xsd</Extensions>
    </Filter>
    <Filter Include="资源文件">
      <UniqueIdentifier>{67DA6AB6-F800-4c08-8B7A-83BB121AAD01}</UniqueIdentifier>
      <Extensions>rc;ico;cur;bmp;dlg;rc2;rct;bin;rgs;gif;jpg;jpeg;jpe;resx;tiff;tif;png;wav;mfcribbon-ms</Extensions>
    </Filter>
  </ItemGroup>
  <ItemGroup>
    <ClInclude Include="..\..\modules\API.h">
      <Filter>头文件</Filter>
    </ClInclude>
    <ClInclude Include="..\..\modules\calibrator.h">
      <Filter>头文件</Filter>
    </ClInclude>
    <ClInclude Include="..\..\modules\chunk.h">
      <Filter>头文件</Filter>
    </ClInclude>
    <ClInclude Include="..\..\modules\class_timer.hpp">
      <Filter>头文件</Filter>
    </ClInclude>
    <ClInclude Include="..\..\modules\detect.h">
      <Filter>头文件</Filter>
    </ClInclude>
    <ClInclude Include="..\..\modules\ds_image.h">
      <Filter>头文件</Filter>
    </ClInclude>
    <ClInclude Include="..\..\modules\hardswish.h">
      <Filter>头文件</Filter>
    </ClInclude>
    <ClInclude Include="..\..\modules\mish.h">
      <Filter>头文件</Filter>
    </ClInclude>
    <ClInclude Include="..\..\modules\plugin_factory.h">
      <Filter>头文件</Filter>
    </ClInclude>
    <ClInclude Include="..\..\modules\trt_utils.h">
      <Filter>头文件</Filter>
    </ClInclude>
    <ClInclude Include="..\..\modules\yolo.h">
      <Filter>头文件</Filter>
    </ClInclude>
    <ClInclude Include="..\..\modules\yolov4.h">
      <Filter>头文件</Filter>
    </ClInclude>
    <ClInclude Include="..\..\modules\v4t_detector.h">
      <Filter>头文件</Filter>
    </ClInclude>
    <ClInclude Include="..\..\modules\yolov5s_cls.h">
      <Filter>头文件</Filter>
    </ClInclude>
    <ClInclude Include="..\..\modules\conqueue.h">
      <Filter>头文件</Filter>
    </ClInclude>
  </ItemGroup>
  <ItemGroup>
    <ClCompile Include="..\..\modules\calibrator.cpp">
      <Filter>源文件</Filter>
    </ClCompile>
    <ClCompile Include="..\..\modules\ds_image.cpp">
      <Filter>源文件</Filter>
    </ClCompile>
    <ClCompile Include="..\..\modules\plugin_factory.cpp">
      <Filter>源文件</Filter>
    </ClCompile>
    <ClCompile Include="..\..\modules\trt_utils.cpp">
      <Filter>源文件</Filter>
    </ClCompile>
    <ClCompile Include="..\..\modules\yolo.cpp">
      <Filter>源文件</Filter>
    </ClCompile>
    <ClCompile Include="..\..\modules\yolov4.cpp">
      <Filter>源文件</Filter>
    </ClCompile>
    <ClCompile Include="..\..\modules\v4t_detector.cpp">
      <Filter>源文件</Filter>
    </ClCompile>
    <ClCompile Include="..\..\modules\yolov5s_cls.cpp">
      <Filter>源文件</Filter>
    </ClCompile>
  </ItemGroup>
  <ItemGroup>
    <CudaCompile Include="..\..\modules\chunk.cu" />
    <CudaCompile Include="..\..\modules\detect.cu" />
    <CudaCompile Include="..\..\modules\hardswish.cu" />
    <CudaCompile Include="..\..\modules\kernel.cu" />
    <CudaCompile Include="..\..\modules\mish.cu" />
  </ItemGroup>
  <ItemGroup>
    <None Include="..\..\modules\config.yaml" />
    <None Include="Source.def">
      <Filter>源文件</Filter>
    </None>
  </ItemGroup>
  <ItemGroup>
    <Library Include="..\..\modules\yaml-cpp_release_x64.lib" />
  </ItemGroup>
</Project>